{
  "version": 4,
  "terraform_version": "1.6.1",
  "serial": 20,
  "lineage": "5b4d1913-07a4-99f8-0980-fa779821708a",
  "outputs": {},
  "resources": [
    {
      "mode": "managed",
      "type": "aws_elastic_beanstalk_application",
      "name": "my_app",
      "provider": "provider[\"registry.terraform.io/hashicorp/aws\"]",
      "instances": [
        {
          "schema_version": 0,
          "attributes": {
            "appversion_lifecycle": [],
            "arn": "arn:aws:elasticbeanstalk:ca-central-1:911732677275:application/Beanstalk-app",
            "description": "My Elastic Beanstalk Application",
            "id": "Beanstalk-app",
            "name": "Beanstalk-app",
            "tags": {},
            "tags_all": {}
          },
          "sensitive_attributes": [],
          "private": "bnVsbA=="
        }
      ]
    },
    {
      "mode": "managed",
      "type": "aws_elastic_beanstalk_environment",
      "name": "my_env",
      "provider": "provider[\"registry.terraform.io/hashicorp/aws\"]",
      "instances": [
        {
          "schema_version": 1,
          "attributes": {
            "all_settings": [
              {
                "name": "AppSource",
                "namespace": "aws:cloudformation:template:parameter",
                "resource": "",
                "value": "https://elasticbeanstalk-platform-assets-ca-central-1.s3.ca-central-1.amazonaws.com/stalks/eb_nodejs18_amazon_linux_2_1.0.2484.0_20231005215526/sampleapp/EBSampleApp-Nodejs.zip"
              },
              {
                "name": "Application Healthcheck URL",
                "namespace": "aws:elasticbeanstalk:application",
                "resource": "",
                "value": ""
              },
              {
                "name": "AssociatePublicIpAddress",
                "namespace": "aws:ec2:vpc",
                "resource": "",
                "value": ""
              },
              {
                "name": "Automatically Terminate Unhealthy Instances",
                "namespace": "aws:elasticbeanstalk:monitoring",
                "resource": "",
                "value": "true"
              },
              {
                "name": "Availability Zones",
                "namespace": "aws:autoscaling:asg",
                "resource": "",
                "value": "Any"
              },
              {
                "name": "BatchSize",
                "namespace": "aws:elasticbeanstalk:command",
                "resource": "",
                "value": "100"
              },
              {
                "name": "BatchSizeType",
                "namespace": "aws:elasticbeanstalk:command",
                "resource": "",
                "value": "Percentage"
              },
              {
                "name": "BlockDeviceMappings",
                "namespace": "aws:autoscaling:launchconfiguration",
                "resource": "",
                "value": ""
              },
              {
                "name": "BreachDuration",
                "namespace": "aws:autoscaling:trigger",
                "resource": "",
                "value": "5"
              },
              {
                "name": "ConfigDocument",
                "namespace": "aws:elasticbeanstalk:healthreporting:system",
                "resource": "",
                "value": "{\"Version\":1,\"CloudWatchMetrics\":{\"Instance\":{\"CPUIrq\":null,\"LoadAverage5min\":null,\"ApplicationRequests5xx\":null,\"ApplicationRequests4xx\":null,\"CPUUser\":null,\"LoadAverage1min\":null,\"ApplicationLatencyP50\":null,\"CPUIdle\":null,\"InstanceHealth\":null,\"ApplicationLatencyP95\":null,\"ApplicationLatencyP85\":null,\"RootFilesystemUtil\":null,\"ApplicationLatencyP90\":null,\"CPUSystem\":null,\"ApplicationLatencyP75\":null,\"CPUSoftirq\":null,\"ApplicationLatencyP10\":null,\"ApplicationLatencyP99\":null,\"ApplicationRequestsTotal\":null,\"ApplicationLatencyP99.9\":null,\"ApplicationRequests3xx\":null,\"ApplicationRequests2xx\":null,\"CPUIowait\":null,\"CPUNice\":null},\"Environment\":{\"InstancesSevere\":null,\"InstancesDegraded\":null,\"ApplicationRequests5xx\":null,\"ApplicationRequests4xx\":null,\"ApplicationLatencyP50\":null,\"ApplicationLatencyP95\":null,\"ApplicationLatencyP85\":null,\"InstancesUnknown\":null,\"ApplicationLatencyP90\":null,\"InstancesInfo\":null,\"InstancesPending\":null,\"ApplicationLatencyP75\":null,\"ApplicationLatencyP10\":null,\"ApplicationLatencyP99\":null,\"ApplicationRequestsTotal\":null,\"InstancesNoData\":null,\"ApplicationLatencyP99.9\":null,\"ApplicationRequests3xx\":null,\"ApplicationRequests2xx\":null,\"InstancesOk\":null,\"InstancesWarning\":null}}}"
              },
              {
                "name": "ConnectionDrainingEnabled",
                "namespace": "aws:elb:policies",
                "resource": "",
                "value": "false"
              },
              {
                "name": "ConnectionDrainingTimeout",
                "namespace": "aws:elb:policies",
                "resource": "",
                "value": "20"
              },
              {
                "name": "ConnectionSettingIdleTimeout",
                "namespace": "aws:elb:policies",
                "resource": "",
                "value": "60"
              },
              {
                "name": "Cooldown",
                "namespace": "aws:autoscaling:asg",
                "resource": "",
                "value": "360"
              },
              {
                "name": "CrossZone",
                "namespace": "aws:elb:loadbalancer",
                "resource": "",
                "value": "false"
              },
              {
                "name": "Custom Availability Zones",
                "namespace": "aws:autoscaling:asg",
                "resource": "",
                "value": ""
              },
              {
                "name": "DefaultSSHPort",
                "namespace": "aws:elasticbeanstalk:control",
                "resource": "",
                "value": "22"
              },
              {
                "name": "DeleteOnTerminate",
                "namespace": "aws:elasticbeanstalk:cloudwatch:logs",
                "resource": "",
                "value": "false"
              },
              {
                "name": "DeleteOnTerminate",
                "namespace": "aws:elasticbeanstalk:cloudwatch:logs:health",
                "resource": "",
                "value": "false"
              },
              {
                "name": "DeploymentPolicy",
                "namespace": "aws:elasticbeanstalk:command",
                "resource": "",
                "value": "AllAtOnce"
              },
              {
                "name": "DisableIMDSv1",
                "namespace": "aws:autoscaling:launchconfiguration",
                "resource": "",
                "value": "false"
              },
              {
                "name": "EC2KeyName",
                "namespace": "aws:autoscaling:launchconfiguration",
                "resource": "",
                "value": ""
              },
              {
                "name": "ELBScheme",
                "namespace": "aws:ec2:vpc",
                "resource": "",
                "value": "public"
              },
              {
                "name": "ELBSubnets",
                "namespace": "aws:ec2:vpc",
                "resource": "",
                "value": ""
              },
              {
                "name": "EnableCapacityRebalancing",
                "namespace": "aws:autoscaling:asg",
                "resource": "",
                "value": "false"
              },
              {
                "name": "EnableSpot",
                "namespace": "aws:ec2:instances",
                "resource": "",
                "value": "false"
              },
              {
                "name": "EnhancedHealthAuthEnabled",
                "namespace": "aws:elasticbeanstalk:healthreporting:system",
                "resource": "",
                "value": "true"
              },
              {
                "name": "EnvironmentType",
                "namespace": "aws:elasticbeanstalk:environment",
                "resource": "",
                "value": "LoadBalanced"
              },
              {
                "name": "EnvironmentVariables",
                "namespace": "aws:cloudformation:template:parameter",
                "resource": "",
                "value": ""
              },
              {
                "name": "EvaluationPeriods",
                "namespace": "aws:autoscaling:trigger",
                "resource": "",
                "value": "1"
              },
              {
                "name": "ExternalExtensionsS3Bucket",
                "namespace": "aws:elasticbeanstalk:environment",
                "resource": "",
                "value": ""
              },
              {
                "name": "ExternalExtensionsS3Key",
                "namespace": "aws:elasticbeanstalk:environment",
                "resource": "",
                "value": ""
              },
              {
                "name": "HasCoupledDatabase",
                "namespace": "aws:rds:dbinstance",
                "resource": "",
                "value": "false"
              },
              {
                "name": "HealthCheckSuccessThreshold",
                "namespace": "aws:elasticbeanstalk:healthreporting:system",
                "resource": "",
                "value": "Ok"
              },
              {
                "name": "HealthStreamingEnabled",
                "namespace": "aws:elasticbeanstalk:cloudwatch:logs:health",
                "resource": "",
                "value": "false"
              },
              {
                "name": "HealthyThreshold",
                "namespace": "aws:elb:healthcheck",
                "resource": "",
                "value": "3"
              },
              {
                "name": "HooksPkgUrl",
                "namespace": "aws:cloudformation:template:parameter",
                "resource": "",
                "value": "https://elasticbeanstalk-platform-assets-ca-central-1.s3.ca-central-1.amazonaws.com/stalks/eb_nodejs18_amazon_linux_2_1.0.2484.0_20231005215526/lib/hooks.tar.gz"
              },
              {
                "name": "IamInstanceProfile",
                "namespace": "aws:autoscaling:launchconfiguration",
                "resource": "",
                "value": "aws-elasticbeanstalk-ec2-role"
              },
              {
                "name": "IgnoreHealthCheck",
                "namespace": "aws:elasticbeanstalk:command",
                "resource": "",
                "value": "false"
              },
              {
                "name": "ImageId",
                "namespace": "aws:autoscaling:launchconfiguration",
                "resource": "",
                "value": "ami-024cd78b1d19f6394"
              },
              {
                "name": "InstancePort",
                "namespace": "aws:cloudformation:template:parameter",
                "resource": "",
                "value": "80"
              },
              {
                "name": "InstancePort",
                "namespace": "aws:elb:listener:80",
                "resource": "",
                "value": "80"
              },
              {
                "name": "InstanceProtocol",
                "namespace": "aws:elb:listener:80",
                "resource": "",
                "value": "HTTP"
              },
              {
                "name": "InstanceRefreshEnabled",
                "namespace": "aws:elasticbeanstalk:managedactions:platformupdate",
                "resource": "",
                "value": "false"
              },
              {
                "name": "InstanceType",
                "namespace": "aws:autoscaling:launchconfiguration",
                "resource": "",
                "value": "t3.micro"
              },
              {
                "name": "InstanceTypeFamily",
                "namespace": "aws:cloudformation:template:parameter",
                "resource": "",
                "value": "t3"
              },
              {
                "name": "InstanceTypes",
                "namespace": "aws:ec2:instances",
                "resource": "",
                "value": "t3.micro, t3.small"
              },
              {
                "name": "Interval",
                "namespace": "aws:elb:healthcheck",
                "resource": "",
                "value": "10"
              },
              {
                "name": "LaunchTemplateTagPropagationEnabled",
                "namespace": "aws:autoscaling:launchconfiguration",
                "resource": "",
                "value": ""
              },
              {
                "name": "LaunchTimeout",
                "namespace": "aws:elasticbeanstalk:control",
                "resource": "",
                "value": "0"
              },
              {
                "name": "LaunchType",
                "namespace": "aws:elasticbeanstalk:control",
                "resource": "",
                "value": "Migration"
              },
              {
                "name": "ListenerEnabled",
                "namespace": "aws:elb:listener:80",
                "resource": "",
                "value": "true"
              },
              {
                "name": "ListenerProtocol",
                "namespace": "aws:elb:listener:80",
                "resource": "",
                "value": "HTTP"
              },
              {
                "name": "LoadBalancerHTTPPort",
                "namespace": "aws:elb:loadbalancer",
                "resource": "",
                "value": "80"
              },
              {
                "name": "LoadBalancerHTTPSPort",
                "namespace": "aws:elb:loadbalancer",
                "resource": "",
                "value": "OFF"
              },
              {
                "name": "LoadBalancerPortProtocol",
                "namespace": "aws:elb:loadbalancer",
                "resource": "",
                "value": "HTTP"
              },
              {
                "name": "LoadBalancerSSLPortProtocol",
                "namespace": "aws:elb:loadbalancer",
                "resource": "",
                "value": "HTTPS"
              },
              {
                "name": "LoadBalancerType",
                "namespace": "aws:elasticbeanstalk:environment",
                "resource": "",
                "value": "classic"
              },
              {
                "name": "LogPublicationControl",
                "namespace": "aws:elasticbeanstalk:hostmanager",
                "resource": "",
                "value": "false"
              },
              {
                "name": "LowerBreachScaleIncrement",
                "namespace": "aws:autoscaling:trigger",
                "resource": "",
                "value": "-1"
              },
              {
                "name": "LowerThreshold",
                "namespace": "aws:autoscaling:trigger",
                "resource": "",
                "value": "2000000"
              },
              {
                "name": "ManagedActionsEnabled",
                "namespace": "aws:elasticbeanstalk:managedactions",
                "resource": "",
                "value": "false"
              },
              {
                "name": "MaxBatchSize",
                "namespace": "aws:autoscaling:updatepolicy:rollingupdate",
                "resource": "",
                "value": ""
              },
              {
                "name": "MaxSize",
                "namespace": "aws:autoscaling:asg",
                "resource": "",
                "value": "4"
              },
              {
                "name": "MeasureName",
                "namespace": "aws:autoscaling:trigger",
                "resource": "",
                "value": "NetworkOut"
              },
              {
                "name": "MinInstancesInService",
                "namespace": "aws:autoscaling:updatepolicy:rollingupdate",
                "resource": "",
                "value": ""
              },
              {
                "name": "MinSize",
                "namespace": "aws:autoscaling:asg",
                "resource": "",
                "value": "1"
              },
              {
                "name": "MonitoringInterval",
                "namespace": "aws:autoscaling:launchconfiguration",
                "resource": "",
                "value": "5 minute"
              },
              {
                "name": "Notification Endpoint",
                "namespace": "aws:elasticbeanstalk:sns:topics",
                "resource": "",
                "value": ""
              },
              {
                "name": "Notification Protocol",
                "namespace": "aws:elasticbeanstalk:sns:topics",
                "resource": "",
                "value": "email"
              },
              {
                "name": "Notification Topic ARN",
                "namespace": "aws:elasticbeanstalk:sns:topics",
                "resource": "",
                "value": ""
              },
              {
                "name": "Notification Topic Name",
                "namespace": "aws:elasticbeanstalk:sns:topics",
                "resource": "",
                "value": ""
              },
              {
                "name": "PauseTime",
                "namespace": "aws:autoscaling:updatepolicy:rollingupdate",
                "resource": "",
                "value": ""
              },
              {
                "name": "Period",
                "namespace": "aws:autoscaling:trigger",
                "resource": "",
                "value": "5"
              },
              {
                "name": "PreferredStartTime",
                "namespace": "aws:elasticbeanstalk:managedactions",
                "resource": "",
                "value": ""
              },
              {
                "name": "ProxyServer",
                "namespace": "aws:elasticbeanstalk:environment:proxy",
                "resource": "",
                "value": "nginx"
              },
              {
                "name": "RetentionInDays",
                "namespace": "aws:elasticbeanstalk:cloudwatch:logs",
                "resource": "",
                "value": "7"
              },
              {
                "name": "RetentionInDays",
                "namespace": "aws:elasticbeanstalk:cloudwatch:logs:health",
                "resource": "",
                "value": "7"
              },
              {
                "name": "RollbackLaunchOnFailure",
                "namespace": "aws:elasticbeanstalk:control",
                "resource": "",
                "value": "false"
              },
              {
                "name": "RollingUpdateEnabled",
                "namespace": "aws:autoscaling:updatepolicy:rollingupdate",
                "resource": "",
                "value": "false"
              },
              {
                "name": "RollingUpdateType",
                "namespace": "aws:autoscaling:updatepolicy:rollingupdate",
                "resource": "",
                "value": "Time"
              },
              {
                "name": "RootVolumeIOPS",
                "namespace": "aws:autoscaling:launchconfiguration",
                "resource": "",
                "value": ""
              },
              {
                "name": "RootVolumeSize",
                "namespace": "aws:autoscaling:launchconfiguration",
                "resource": "",
                "value": ""
              },
              {
                "name": "RootVolumeThroughput",
                "namespace": "aws:autoscaling:launchconfiguration",
                "resource": "",
                "value": ""
              },
              {
                "name": "RootVolumeType",
                "namespace": "aws:autoscaling:launchconfiguration",
                "resource": "",
                "value": ""
              },
              {
                "name": "SSHSourceRestriction",
                "namespace": "aws:autoscaling:launchconfiguration",
                "resource": "",
                "value": "tcp,22,22,0.0.0.0/0"
              },
              {
                "name": "SSLCertificateId",
                "namespace": "aws:elb:listener:80",
                "resource": "",
                "value": ""
              },
              {
                "name": "SSLCertificateId",
                "namespace": "aws:elb:loadbalancer",
                "resource": "",
                "value": ""
              },
              {
                "name": "SecurityGroups",
                "namespace": "aws:autoscaling:launchconfiguration",
                "resource": "",
                "value": "awseb-e-397jdvcnpe-stack-AWSEBSecurityGroup-1RD3ZHT2NAEJN"
              },
              {
                "name": "SecurityGroups",
                "namespace": "aws:elb:loadbalancer",
                "resource": "",
                "value": ""
              },
              {
                "name": "ServiceRole",
                "namespace": "aws:elasticbeanstalk:environment",
                "resource": "",
                "value": "AWSServiceRoleForElasticBeanstalk"
              },
              {
                "name": "ServiceRoleForManagedUpdates",
                "namespace": "aws:elasticbeanstalk:managedactions",
                "resource": "",
                "value": ""
              },
              {
                "name": "SpotFleetOnDemandAboveBasePercentage",
                "namespace": "aws:ec2:instances",
                "resource": "",
                "value": "70"
              },
              {
                "name": "SpotFleetOnDemandBase",
                "namespace": "aws:ec2:instances",
                "resource": "",
                "value": "0"
              },
              {
                "name": "SpotMaxPrice",
                "namespace": "aws:ec2:instances",
                "resource": "",
                "value": ""
              },
              {
                "name": "StaticFiles",
                "namespace": "aws:cloudformation:template:parameter",
                "resource": "",
                "value": ""
              },
              {
                "name": "Statistic",
                "namespace": "aws:autoscaling:trigger",
                "resource": "",
                "value": "Average"
              },
              {
                "name": "StreamLogs",
                "namespace": "aws:elasticbeanstalk:cloudwatch:logs",
                "resource": "",
                "value": "false"
              },
              {
                "name": "Subnets",
                "namespace": "aws:ec2:vpc",
                "resource": "",
                "value": ""
              },
              {
                "name": "SupportedArchitectures",
                "namespace": "aws:ec2:instances",
                "resource": "",
                "value": "x86_64"
              },
              {
                "name": "SystemType",
                "namespace": "aws:elasticbeanstalk:healthreporting:system",
                "resource": "",
                "value": "enhanced"
              },
              {
                "name": "Target",
                "namespace": "aws:elb:healthcheck",
                "resource": "",
                "value": "TCP:80"
              },
              {
                "name": "Timeout",
                "namespace": "aws:autoscaling:updatepolicy:rollingupdate",
                "resource": "",
                "value": "PT30M"
              },
              {
                "name": "Timeout",
                "namespace": "aws:elasticbeanstalk:command",
                "resource": "",
                "value": "600"
              },
              {
                "name": "Timeout",
                "namespace": "aws:elb:healthcheck",
                "resource": "",
                "value": "5"
              },
              {
                "name": "UnhealthyThreshold",
                "namespace": "aws:elb:healthcheck",
                "resource": "",
                "value": "5"
              },
              {
                "name": "Unit",
                "namespace": "aws:autoscaling:trigger",
                "resource": "",
                "value": "Bytes"
              },
              {
                "name": "UpdateLevel",
                "namespace": "aws:elasticbeanstalk:managedactions:platformupdate",
                "resource": "",
                "value": ""
              },
              {
                "name": "UpperBreachScaleIncrement",
                "namespace": "aws:autoscaling:trigger",
                "resource": "",
                "value": "1"
              },
              {
                "name": "UpperThreshold",
                "namespace": "aws:autoscaling:trigger",
                "resource": "",
                "value": "6000000"
              },
              {
                "name": "VPCId",
                "namespace": "aws:ec2:vpc",
                "resource": "",
                "value": ""
              },
              {
                "name": "XRayEnabled",
                "namespace": "aws:elasticbeanstalk:xray",
                "resource": "",
                "value": "false"
              }
            ],
            "application": "Beanstalk-app",
            "arn": "arn:aws:elasticbeanstalk:ca-central-1:911732677275:environment/Beanstalk-app/my-beanstalk-env",
            "autoscaling_groups": [
              "awseb-e-397jdvcnpe-stack-AWSEBAutoScalingGroup-kVSmDiUYclUV"
            ],
            "cname": "my-beanstalk-env.eba-3mxnmier.ca-central-1.elasticbeanstalk.com",
            "cname_prefix": "",
            "description": "",
            "endpoint_url": "awseb-e-3-AWSEBLoa-AH9KL8BH98XQ-1386213333.ca-central-1.elb.amazonaws.com",
            "id": "e-397jdvcnpe",
            "instances": [
              "i-0a67066b00a8cef76"
            ],
            "launch_configurations": [
              "awseb-e-397jdvcnpe-stack-AWSEBAutoScalingLaunchConfiguration-3qIRDiR4lx7M"
            ],
            "load_balancers": [
              "awseb-e-3-AWSEBLoa-AH9KL8BH98XQ"
            ],
            "name": "my-beanstalk-env",
            "platform_arn": "arn:aws:elasticbeanstalk:ca-central-1::platform/Node.js 18 running on 64bit Amazon Linux 2/5.8.6",
            "poll_interval": null,
            "queues": [],
            "setting": [
              {
                "name": "IamInstanceProfile",
                "namespace": "aws:autoscaling:launchconfiguration",
                "resource": "",
                "value": "aws-elasticbeanstalk-ec2-role"
              }
            ],
            "solution_stack_name": "64bit Amazon Linux 2 v5.8.6 running Node.js 18",
            "tags": null,
            "tags_all": {},
            "template_name": null,
            "tier": "WebServer",
            "triggers": [],
            "version_label": "",
            "wait_for_ready_timeout": "20m"
          },
          "sensitive_attributes": [],
          "private": "eyJzY2hlbWFfdmVyc2lvbiI6IjEifQ==",
          "dependencies": [
            "aws_elastic_beanstalk_application.my_app"
          ]
        }
      ]
    }
  ],
  "check_results": null
}
