{
  "version": 4,
  "terraform_version": "1.6.1",
  "serial": 3,
  "lineage": "0b245d72-f9e6-a406-38f6-a79a33323986",
  "outputs": {
    "public_ip": {
      "value": "15.223.122.164",
      "type": "string"
    }
  },
  "resources": [
    {
      "mode": "managed",
      "type": "aws_lightsail_instance",
      "name": "lightsail_instance",
      "provider": "provider[\"registry.terraform.io/hashicorp/aws\"]",
      "instances": [
        {
          "schema_version": 0,
          "attributes": {
            "add_on": [],
            "arn": "arn:aws:lightsail:ca-central-1:911732677275:Instance/897649aa-8368-436c-9a8e-9dbac011fd58",
            "availability_zone": "ca-central-1a",
            "blueprint_id": "wordpress_4_9_8",
            "bundle_id": "nano_2_0",
            "cpu_count": 1,
            "created_at": "2023-10-18T19:58:26Z",
            "id": "terraform-lightsail",
            "ip_address_type": "dualstack",
            "ipv6_addresses": [
              "2600:1f11:34:bf00:b47f:1c90:c014:ae25"
            ],
            "is_static_ip": false,
            "key_pair_name": "LightsailDefaultKeyPair",
            "name": "terraform-lightsail",
            "private_ip_address": "172.26.11.52",
            "public_ip_address": "15.223.122.164",
            "ram_size": 0.5,
            "tags": null,
            "tags_all": {},
            "user_data": null,
            "username": "bitnami"
          },
          "sensitive_attributes": [],
          "private": "bnVsbA=="
        }
      ]
    }
  ],
  "check_results": null
}
